
Microsoft Visual Studio Solution File, Format Version 12.00
# Visual Studio 15
VisualStudioVersion = 15.0.26730.16
MinimumVisualStudioVersion = 10.0.40219.1
Project("{FAE04EC0-301F-11D3-BF4B-00C04F79EFBC}") = "DemoAPP", "DemoAPP\DemoAPP.csproj", "{F5B66067-4ED0-4267-AE45-6D66092A0634}"
EndProject
Global
	GlobalSection(SolutionConfigurationPlatforms) = preSolution
		Debug|Any CPU = Debug|Any CPU
		Release|Any CPU = Release|Any CPU
	EndGlobalSection
	GlobalSection(ProjectConfigurationPlatforms) = postSolution
		{F5B66067-4ED0-4267-AE45-6D66092A0634}.Debug|Any CPU.ActiveCfg = Debug|Any CPU
		{F5B66067-4ED0-4267-AE45-6D66092A0634}.Debug|Any CPU.Build.0 = Debug|Any CPU
		{F5B66067-4ED0-4267-AE45-6D66092A0634}.Release|Any CPU.ActiveCfg = Release|Any CPU
		{F5B66067-4ED0-4267-AE45-6D66092A0634}.Release|Any CPU.Build.0 = Release|Any CPU
	EndGlobalSection
	GlobalSection(SolutionProperties) = preSolution
		HideSolutionNode = FALSE
	EndGlobalSection
	GlobalSection(ExtensibilityGlobals) = postSolution
		SolutionGuid = {F3A2E58D-D1E5-46E0-95FE-7B385A559676}
	EndGlobalSection
EndGlobal
